
Microsoft Visual Studio Solution File, Format Version 12.00
# Visual Studio Version 16
VisualStudioVersion = 16.0.30011.22
MinimumVisualStudioVersion = 10.0.40219.1
Project("{9A19103F-16F7-4668-BE54-9A1E7A4F7556}") = "BreakFast", "BreakFast\BreakFast.csproj", "{AF21AF01-80E6-4BE8-8BF0-AB46823C686B}"
EndProject
Project("{FAE04EC0-301F-11D3-BF4B-00C04F79EFBC}") = "AsyncApp", "AsyncApp\AsyncApp.csproj", "{15667BA3-1218-48A8-B4DF-B5FF7DFAFA9B}"
EndProject
Global
	GlobalSection(SolutionConfigurationPlatforms) = preSolution
		Debug|Any CPU = Debug|Any CPU
		Release|Any CPU = Release|Any CPU
	EndGlobalSection
	GlobalSection(ProjectConfigurationPlatforms) = postSolution
		{AF21AF01-80E6-4BE8-8BF0-AB46823C686B}.Debug|Any CPU.ActiveCfg = Debug|Any CPU
		{AF21AF01-80E6-4BE8-8BF0-AB46823C686B}.Debug|Any CPU.Build.0 = Debug|Any CPU
		{AF21AF01-80E6-4BE8-8BF0-AB46823C686B}.Release|Any CPU.ActiveCfg = Release|Any CPU
		{AF21AF01-80E6-4BE8-8BF0-AB46823C686B}.Release|Any CPU.Build.0 = Release|Any CPU
		{15667BA3-1218-48A8-B4DF-B5FF7DFAFA9B}.Debug|Any CPU.ActiveCfg = Debug|Any CPU
		{15667BA3-1218-48A8-B4DF-B5FF7DFAFA9B}.Debug|Any CPU.Build.0 = Debug|Any CPU
		{15667BA3-1218-48A8-B4DF-B5FF7DFAFA9B}.Release|Any CPU.ActiveCfg = Release|Any CPU
		{15667BA3-1218-48A8-B4DF-B5FF7DFAFA9B}.Release|Any CPU.Build.0 = Release|Any CPU
	EndGlobalSection
	GlobalSection(SolutionProperties) = preSolution
		HideSolutionNode = FALSE
	EndGlobalSection
	GlobalSection(ExtensibilityGlobals) = postSolution
		SolutionGuid = {ADBB1F69-EDE3-4661-978A-4153CB981D94}
	EndGlobalSection
EndGlobal
